
Microsoft Visual Studio Solution File, Format Version 12.00
# Visual Studio 15
Project("{FAE04EC0-301F-11D3-BF4B-00C04F79EFBC}") = "Sistemas.Android", "Sistemas.Android\Sistemas.Android.csproj", "{67784FE5-C005-4B22-A1F8-68CB661AB366}"
EndProject
Project("{FAE04EC0-301F-11D3-BF4B-00C04F79EFBC}") = "Sistemas.iOS", "Sistemas.iOS\Sistemas.iOS.csproj", "{674D2F2E-09DF-453D-B0EF-0CEE95242E00}"
EndProject
Project("{FAE04EC0-301F-11D3-BF4B-00C04F79EFBC}") = "Sistemas", "Sistemas\Sistemas.csproj", "{64934EBF-1608-4BF2-9F97-EE3280D2824A}"
EndProject
Global
	GlobalSection(SolutionConfigurationPlatforms) = preSolution
		Debug|Any CPU = Debug|Any CPU
		Release|Any CPU = Release|Any CPU
		Debug|iPhoneSimulator = Debug|iPhoneSimulator
		Release|iPhoneSimulator = Release|iPhoneSimulator
		Debug|iPhone = Debug|iPhone
		Release|iPhone = Release|iPhone
		Ad-Hoc|iPhone = Ad-Hoc|iPhone
		AppStore|iPhone = AppStore|iPhone
		Ad-Hoc|Any CPU = Ad-Hoc|Any CPU
	EndGlobalSection
	GlobalSection(ProjectConfigurationPlatforms) = postSolution
		{67784FE5-C005-4B22-A1F8-68CB661AB366}.Debug|Any CPU.ActiveCfg = Debug|Any CPU
		{67784FE5-C005-4B22-A1F8-68CB661AB366}.Debug|Any CPU.Build.0 = Debug|Any CPU
		{67784FE5-C005-4B22-A1F8-68CB661AB366}.Release|Any CPU.ActiveCfg = Release|Any CPU
		{67784FE5-C005-4B22-A1F8-68CB661AB366}.Release|Any CPU.Build.0 = Release|Any CPU
		{67784FE5-C005-4B22-A1F8-68CB661AB366}.Debug|iPhoneSimulator.ActiveCfg = Debug|Any CPU
		{67784FE5-C005-4B22-A1F8-68CB661AB366}.Debug|iPhoneSimulator.Build.0 = Debug|Any CPU
		{67784FE5-C005-4B22-A1F8-68CB661AB366}.Release|iPhoneSimulator.ActiveCfg = Release|Any CPU
		{67784FE5-C005-4B22-A1F8-68CB661AB366}.Release|iPhoneSimulator.Build.0 = Release|Any CPU
		{67784FE5-C005-4B22-A1F8-68CB661AB366}.Debug|iPhone.ActiveCfg = Debug|Any CPU
		{67784FE5-C005-4B22-A1F8-68CB661AB366}.Debug|iPhone.Build.0 = Debug|Any CPU
		{67784FE5-C005-4B22-A1F8-68CB661AB366}.Release|iPhone.ActiveCfg = Release|Any CPU
		{67784FE5-C005-4B22-A1F8-68CB661AB366}.Release|iPhone.Build.0 = Release|Any CPU
		{67784FE5-C005-4B22-A1F8-68CB661AB366}.Ad-Hoc|iPhone.ActiveCfg = Debug|Any CPU
		{67784FE5-C005-4B22-A1F8-68CB661AB366}.Ad-Hoc|iPhone.Build.0 = Debug|Any CPU
		{67784FE5-C005-4B22-A1F8-68CB661AB366}.AppStore|iPhone.ActiveCfg = Debug|Any CPU
		{67784FE5-C005-4B22-A1F8-68CB661AB366}.AppStore|iPhone.Build.0 = Debug|Any CPU
		{67784FE5-C005-4B22-A1F8-68CB661AB366}.Ad-Hoc|Any CPU.ActiveCfg = Ad-Hoc|Any CPU
		{67784FE5-C005-4B22-A1F8-68CB661AB366}.Ad-Hoc|Any CPU.Build.0 = Ad-Hoc|Any CPU
		{674D2F2E-09DF-453D-B0EF-0CEE95242E00}.Debug|Any CPU.ActiveCfg = Debug|iPhoneSimulator
		{674D2F2E-09DF-453D-B0EF-0CEE95242E00}.Debug|Any CPU.Build.0 = Debug|iPhoneSimulator
		{674D2F2E-09DF-453D-B0EF-0CEE95242E00}.Release|Any CPU.ActiveCfg = Release|iPhoneSimulator
		{674D2F2E-09DF-453D-B0EF-0CEE95242E00}.Release|Any CPU.Build.0 = Release|iPhoneSimulator
		{674D2F2E-09DF-453D-B0EF-0CEE95242E00}.Debug|iPhoneSimulator.ActiveCfg = Debug|iPhoneSimulator
		{674D2F2E-09DF-453D-B0EF-0CEE95242E00}.Debug|iPhoneSimulator.Build.0 = Debug|iPhoneSimulator
		{674D2F2E-09DF-453D-B0EF-0CEE95242E00}.Release|iPhoneSimulator.ActiveCfg = Release|iPhoneSimulator
		{674D2F2E-09DF-453D-B0EF-0CEE95242E00}.Release|iPhoneSimulator.Build.0 = Release|iPhoneSimulator
		{674D2F2E-09DF-453D-B0EF-0CEE95242E00}.Debug|iPhone.ActiveCfg = Debug|iPhone
		{674D2F2E-09DF-453D-B0EF-0CEE95242E00}.Debug|iPhone.Build.0 = Debug|iPhone
		{674D2F2E-09DF-453D-B0EF-0CEE95242E00}.Release|iPhone.ActiveCfg = Release|iPhone
		{674D2F2E-09DF-453D-B0EF-0CEE95242E00}.Release|iPhone.Build.0 = Release|iPhone
		{674D2F2E-09DF-453D-B0EF-0CEE95242E00}.Ad-Hoc|iPhone.ActiveCfg = Ad-Hoc|iPhone
		{674D2F2E-09DF-453D-B0EF-0CEE95242E00}.Ad-Hoc|iPhone.Build.0 = Ad-Hoc|iPhone
		{674D2F2E-09DF-453D-B0EF-0CEE95242E00}.AppStore|iPhone.ActiveCfg = AppStore|iPhone
		{674D2F2E-09DF-453D-B0EF-0CEE95242E00}.AppStore|iPhone.Build.0 = AppStore|iPhone
		{674D2F2E-09DF-453D-B0EF-0CEE95242E00}.Ad-Hoc|Any CPU.ActiveCfg = Ad-Hoc|Any CPU
		{674D2F2E-09DF-453D-B0EF-0CEE95242E00}.Ad-Hoc|Any CPU.Build.0 = Ad-Hoc|Any CPU
		{64934EBF-1608-4BF2-9F97-EE3280D2824A}.Debug|Any CPU.ActiveCfg = Debug|Any CPU
		{64934EBF-1608-4BF2-9F97-EE3280D2824A}.Debug|Any CPU.Build.0 = Debug|Any CPU
		{64934EBF-1608-4BF2-9F97-EE3280D2824A}.Release|Any CPU.ActiveCfg = Release|Any CPU
		{64934EBF-1608-4BF2-9F97-EE3280D2824A}.Release|Any CPU.Build.0 = Release|Any CPU
		{64934EBF-1608-4BF2-9F97-EE3280D2824A}.Debug|iPhoneSimulator.ActiveCfg = Debug|Any CPU
		{64934EBF-1608-4BF2-9F97-EE3280D2824A}.Debug|iPhoneSimulator.Build.0 = Debug|Any CPU
		{64934EBF-1608-4BF2-9F97-EE3280D2824A}.Release|iPhoneSimulator.ActiveCfg = Release|Any CPU
		{64934EBF-1608-4BF2-9F97-EE3280D2824A}.Release|iPhoneSimulator.Build.0 = Release|Any CPU
		{64934EBF-1608-4BF2-9F97-EE3280D2824A}.Debug|iPhone.ActiveCfg = Debug|Any CPU
		{64934EBF-1608-4BF2-9F97-EE3280D2824A}.Debug|iPhone.Build.0 = Debug|Any CPU
		{64934EBF-1608-4BF2-9F97-EE3280D2824A}.Release|iPhone.ActiveCfg = Release|Any CPU
		{64934EBF-1608-4BF2-9F97-EE3280D2824A}.Release|iPhone.Build.0 = Release|Any CPU
		{64934EBF-1608-4BF2-9F97-EE3280D2824A}.Ad-Hoc|iPhone.ActiveCfg = Debug|Any CPU
		{64934EBF-1608-4BF2-9F97-EE3280D2824A}.Ad-Hoc|iPhone.Build.0 = Debug|Any CPU
		{64934EBF-1608-4BF2-9F97-EE3280D2824A}.AppStore|iPhone.ActiveCfg = Debug|Any CPU
		{64934EBF-1608-4BF2-9F97-EE3280D2824A}.AppStore|iPhone.Build.0 = Debug|Any CPU
		{64934EBF-1608-4BF2-9F97-EE3280D2824A}.Ad-Hoc|Any CPU.ActiveCfg = Ad-Hoc|Any CPU
		{64934EBF-1608-4BF2-9F97-EE3280D2824A}.Ad-Hoc|Any CPU.Build.0 = Ad-Hoc|Any CPU
	EndGlobalSection
EndGlobal
